
Microsoft Visual Studio Solution File, Format Version 12.00
# Visual Studio Version 16
VisualStudioVersion = 16.0.30320.27
MinimumVisualStudioVersion = 10.0.40219.1
Project("{9A19103F-16F7-4668-BE54-9A1E7A4F7556}") = "LunarDoggo.ConsoleIO", "LunarDoggo.Beginners.ConsoleIO\LunarDoggo.ConsoleIO.csproj", "{897DEAB7-A5F6-4030-89D8-0DE3AA6A71A3}"
EndProject
Project("{2150E333-8FDC-42A3-9474-1A3956D46DE8}") = "Solution Items", "Solution Items", "{0C6CDEED-71CC-4A40-8C27-7E267EFAAC88}"
	ProjectSection(SolutionItems) = preProject
		.gitignore = .gitignore
		LICENSE = LICENSE
		README.md = README.md
	EndProjectSection
EndProject
Project("{9A19103F-16F7-4668-BE54-9A1E7A4F7556}") = "LunarDoggo.ConsoleIOValidation", "LunarDoggo.Beginners.ConsoleIOValidation\LunarDoggo.ConsoleIOValidation.csproj", "{A8D83E8B-A5D8-4B74-AF98-46C1B458CAD2}"
EndProject
Project("{9A19103F-16F7-4668-BE54-9A1E7A4F7556}") = "LunarDoggo.FileSystemTree", "LunarDoggo.FileSystemTree\LunarDoggo.FileSystemTree.csproj", "{883884B1-0791-4C9F-B497-543FD7D7C228}"
EndProject
Project("{9A19103F-16F7-4668-BE54-9A1E7A4F7556}") = "LunarDoggo.QuizGame", "LunarDoggo.QuizGame\LunarDoggo.QuizGame.csproj", "{B95D0A2F-14F5-482A-8640-56B84AB570D3}"
EndProject
Project("{FAE04EC0-301F-11D3-BF4B-00C04F79EFBC}") = "LunarDoggo.TicTacToe", "LunarDoggo.TicTacToe\LunarDoggo.TicTacToe.csproj", "{6E55DCAE-9F1F-4438-843C-36A8C436FEE7}"
EndProject
Project("{FAE04EC0-301F-11D3-BF4B-00C04F79EFBC}") = "TicTacToe.OccupyTile", "LunarDoggo.TicTacToe.Test\TicTacToe.OccupyTile\TicTacToe.OccupyTile.csproj", "{8CADD096-81ED-4C3F-A93D-3B8B0BFF4A7C}"
EndProject
Project("{FAE04EC0-301F-11D3-BF4B-00C04F79EFBC}") = "TicTacToe.AreAllFieldsOccupied", "LunarDoggo.TicTacToe.Test\TicTacToe.AreAllFieldsOccupied\TicTacToe.AreAllFieldsOccupied.csproj", "{FB6A6604-0961-4537-8182-EC992E87ACA8}"
EndProject
Project("{FAE04EC0-301F-11D3-BF4B-00C04F79EFBC}") = "TicTacToe.HasWon", "LunarDoggo.TicTacToe.Test\TicTacToe.HasWon\TicTacToe.HasWon.csproj", "{C9B40D29-7C37-4B23-B895-708E6BB91225}"
EndProject
Project("{FAE04EC0-301F-11D3-BF4B-00C04F79EFBC}") = "TicTacToe.Reset", "LunarDoggo.TicTacToe.Test\TicTacToe.Reset\TicTacToe.Reset.csproj", "{54D7812F-DC82-4EFC-A858-C68851189921}"
EndProject
Project("{FAE04EC0-301F-11D3-BF4B-00C04F79EFBC}") = "TicTacToe.StartGame", "LunarDoggo.TicTacToe.Test\TicTacToe.StartGame\TicTacToe.StartGame.csproj", "{26F4ED72-72DA-463B-9966-5F8DA073F292}"
EndProject
Global
	GlobalSection(SolutionConfigurationPlatforms) = preSolution
		Debug|Any CPU = Debug|Any CPU
		Release|Any CPU = Release|Any CPU
	EndGlobalSection
	GlobalSection(ProjectConfigurationPlatforms) = postSolution
		{897DEAB7-A5F6-4030-89D8-0DE3AA6A71A3}.Debug|Any CPU.ActiveCfg = Debug|Any CPU
		{897DEAB7-A5F6-4030-89D8-0DE3AA6A71A3}.Debug|Any CPU.Build.0 = Debug|Any CPU
		{897DEAB7-A5F6-4030-89D8-0DE3AA6A71A3}.Release|Any CPU.ActiveCfg = Release|Any CPU
		{897DEAB7-A5F6-4030-89D8-0DE3AA6A71A3}.Release|Any CPU.Build.0 = Release|Any CPU
		{A8D83E8B-A5D8-4B74-AF98-46C1B458CAD2}.Debug|Any CPU.ActiveCfg = Debug|Any CPU
		{A8D83E8B-A5D8-4B74-AF98-46C1B458CAD2}.Debug|Any CPU.Build.0 = Debug|Any CPU
		{A8D83E8B-A5D8-4B74-AF98-46C1B458CAD2}.Release|Any CPU.ActiveCfg = Release|Any CPU
		{A8D83E8B-A5D8-4B74-AF98-46C1B458CAD2}.Release|Any CPU.Build.0 = Release|Any CPU
		{883884B1-0791-4C9F-B497-543FD7D7C228}.Debug|Any CPU.ActiveCfg = Debug|Any CPU
		{883884B1-0791-4C9F-B497-543FD7D7C228}.Debug|Any CPU.Build.0 = Debug|Any CPU
		{883884B1-0791-4C9F-B497-543FD7D7C228}.Release|Any CPU.ActiveCfg = Release|Any CPU
		{883884B1-0791-4C9F-B497-543FD7D7C228}.Release|Any CPU.Build.0 = Release|Any CPU
		{B95D0A2F-14F5-482A-8640-56B84AB570D3}.Debug|Any CPU.ActiveCfg = Debug|Any CPU
		{B95D0A2F-14F5-482A-8640-56B84AB570D3}.Debug|Any CPU.Build.0 = Debug|Any CPU
		{B95D0A2F-14F5-482A-8640-56B84AB570D3}.Release|Any CPU.ActiveCfg = Release|Any CPU
		{B95D0A2F-14F5-482A-8640-56B84AB570D3}.Release|Any CPU.Build.0 = Release|Any CPU
		{6E55DCAE-9F1F-4438-843C-36A8C436FEE7}.Debug|Any CPU.ActiveCfg = Debug|Any CPU
		{6E55DCAE-9F1F-4438-843C-36A8C436FEE7}.Debug|Any CPU.Build.0 = Debug|Any CPU
		{6E55DCAE-9F1F-4438-843C-36A8C436FEE7}.Release|Any CPU.ActiveCfg = Release|Any CPU
		{6E55DCAE-9F1F-4438-843C-36A8C436FEE7}.Release|Any CPU.Build.0 = Release|Any CPU
		{8CADD096-81ED-4C3F-A93D-3B8B0BFF4A7C}.Debug|Any CPU.ActiveCfg = Debug|Any CPU
		{8CADD096-81ED-4C3F-A93D-3B8B0BFF4A7C}.Debug|Any CPU.Build.0 = Debug|Any CPU
		{8CADD096-81ED-4C3F-A93D-3B8B0BFF4A7C}.Release|Any CPU.ActiveCfg = Release|Any CPU
		{8CADD096-81ED-4C3F-A93D-3B8B0BFF4A7C}.Release|Any CPU.Build.0 = Release|Any CPU
		{FB6A6604-0961-4537-8182-EC992E87ACA8}.Debug|Any CPU.ActiveCfg = Debug|Any CPU
		{FB6A6604-0961-4537-8182-EC992E87ACA8}.Debug|Any CPU.Build.0 = Debug|Any CPU
		{FB6A6604-0961-4537-8182-EC992E87ACA8}.Release|Any CPU.ActiveCfg = Release|Any CPU
		{FB6A6604-0961-4537-8182-EC992E87ACA8}.Release|Any CPU.Build.0 = Release|Any CPU
		{C9B40D29-7C37-4B23-B895-708E6BB91225}.Debug|Any CPU.ActiveCfg = Debug|Any CPU
		{C9B40D29-7C37-4B23-B895-708E6BB91225}.Debug|Any CPU.Build.0 = Debug|Any CPU
		{C9B40D29-7C37-4B23-B895-708E6BB91225}.Release|Any CPU.ActiveCfg = Release|Any CPU
		{C9B40D29-7C37-4B23-B895-708E6BB91225}.Release|Any CPU.Build.0 = Release|Any CPU
		{54D7812F-DC82-4EFC-A858-C68851189921}.Debug|Any CPU.ActiveCfg = Debug|Any CPU
		{54D7812F-DC82-4EFC-A858-C68851189921}.Debug|Any CPU.Build.0 = Debug|Any CPU
		{54D7812F-DC82-4EFC-A858-C68851189921}.Release|Any CPU.ActiveCfg = Release|Any CPU
		{54D7812F-DC82-4EFC-A858-C68851189921}.Release|Any CPU.Build.0 = Release|Any CPU
		{26F4ED72-72DA-463B-9966-5F8DA073F292}.Debug|Any CPU.ActiveCfg = Debug|Any CPU
		{26F4ED72-72DA-463B-9966-5F8DA073F292}.Debug|Any CPU.Build.0 = Debug|Any CPU
		{26F4ED72-72DA-463B-9966-5F8DA073F292}.Release|Any CPU.ActiveCfg = Release|Any CPU
		{26F4ED72-72DA-463B-9966-5F8DA073F292}.Release|Any CPU.Build.0 = Release|Any CPU
	EndGlobalSection
	GlobalSection(SolutionProperties) = preSolution
		HideSolutionNode = FALSE
	EndGlobalSection
	GlobalSection(ExtensibilityGlobals) = postSolution
		SolutionGuid = {D15F71B6-C1E2-4512-A5CA-C5E2D0196A43}
	EndGlobalSection
EndGlobal
