
Microsoft Visual Studio Solution File, Format Version 12.00
# Visual Studio Version 16
VisualStudioVersion = 16.0.30320.27
MinimumVisualStudioVersion = 10.0.40219.1
Project("{9A19103F-16F7-4668-BE54-9A1E7A4F7556}") = "LunarDoggo.ConsoleIO", "LunarDoggo.Beginners.ConsoleIO\LunarDoggo.ConsoleIO.csproj", "{897DEAB7-A5F6-4030-89D8-0DE3AA6A71A3}"
EndProject
Project("{2150E333-8FDC-42A3-9474-1A3956D46DE8}") = "Solution Items", "Solution Items", "{0C6CDEED-71CC-4A40-8C27-7E267EFAAC88}"
	ProjectSection(SolutionItems) = preProject
		.gitignore = .gitignore
		LICENSE = LICENSE
		README.md = README.md
	EndProjectSection
EndProject
Project("{9A19103F-16F7-4668-BE54-9A1E7A4F7556}") = "LunarDoggo.ConsoleIOValidation", "LunarDoggo.Beginners.ConsoleIOValidation\LunarDoggo.ConsoleIOValidation.csproj", "{A8D83E8B-A5D8-4B74-AF98-46C1B458CAD2}"
EndProject
Project("{9A19103F-16F7-4668-BE54-9A1E7A4F7556}") = "LunarDoggo.FileSystemTree", "LunarDoggo.FileSystemTree\LunarDoggo.FileSystemTree.csproj", "{883884B1-0791-4C9F-B497-543FD7D7C228}"
EndProject
Project("{9A19103F-16F7-4668-BE54-9A1E7A4F7556}") = "LunarDoggo.QuizGame", "LunarDoggo.QuizGame\LunarDoggo.QuizGame.csproj", "{B95D0A2F-14F5-482A-8640-56B84AB570D3}"
EndProject
Project("{FAE04EC0-301F-11D3-BF4B-00C04F79EFBC}") = "LunarDoggo.TicTacToe", "LunarDoggo.TicTacToe\LunarDoggo.TicTacToe.csproj", "{6E55DCAE-9F1F-4438-843C-36A8C436FEE7}"
EndProject
Project("{FAE04EC0-301F-11D3-BF4B-00C04F79EFBC}") = "TicTacToe.OccupyTile", "LunarDoggo.TicTacToe.Test\TicTacToe.OccupyTile\TicTacToe.OccupyTile.csproj", "{BA308F68-8A1E-4DCC-99FA-C51AD2D4597E}"
EndProject
Project("{FAE04EC0-301F-11D3-BF4B-00C04F79EFBC}") = "TicTacToe.AreAllFieldsOccupied", "LunarDoggo.TicTacToe.Test\TicTacToe.AreAllFieldsOccupied\TicTacToe.AreAllFieldsOccupied.csproj", "{506BDF75-47A9-40C0-8EA0-5E4B7380A713}"
EndProject
Project("{FAE04EC0-301F-11D3-BF4B-00C04F79EFBC}") = "TicTacToe.HasWon", "LunarDoggo.TicTacToe.Test\TicTacToe.HasWon\TicTacToe.HasWon.csproj", "{6BE2D97E-0F91-4784-B58C-92F9DD4AF219}"
EndProject
Project("{FAE04EC0-301F-11D3-BF4B-00C04F79EFBC}") = "TicTacToe.Reset", "LunarDoggo.TicTacToe.Test\TicTacToe.Reset\TicTacToe.Reset.csproj", "{29E25958-AAB4-4CCC-B436-E16DA6D9DC4B}"
EndProject
Project("{FAE04EC0-301F-11D3-BF4B-00C04F79EFBC}") = "TicTacToe.StartGame", "LunarDoggo.TicTacToe.Test\TicTacToe.StartGame\TicTacToe.StartGame.csproj", "{62564A5C-D9D5-4FD9-A3A7-73CDC88E6B49}"
EndProject
Global
	GlobalSection(SolutionConfigurationPlatforms) = preSolution
		Debug|Any CPU = Debug|Any CPU
		Release|Any CPU = Release|Any CPU
	EndGlobalSection
	GlobalSection(ProjectConfigurationPlatforms) = postSolution
		{897DEAB7-A5F6-4030-89D8-0DE3AA6A71A3}.Debug|Any CPU.ActiveCfg = Debug|Any CPU
		{897DEAB7-A5F6-4030-89D8-0DE3AA6A71A3}.Debug|Any CPU.Build.0 = Debug|Any CPU
		{897DEAB7-A5F6-4030-89D8-0DE3AA6A71A3}.Release|Any CPU.ActiveCfg = Release|Any CPU
		{897DEAB7-A5F6-4030-89D8-0DE3AA6A71A3}.Release|Any CPU.Build.0 = Release|Any CPU
		{A8D83E8B-A5D8-4B74-AF98-46C1B458CAD2}.Debug|Any CPU.ActiveCfg = Debug|Any CPU
		{A8D83E8B-A5D8-4B74-AF98-46C1B458CAD2}.Debug|Any CPU.Build.0 = Debug|Any CPU
		{A8D83E8B-A5D8-4B74-AF98-46C1B458CAD2}.Release|Any CPU.ActiveCfg = Release|Any CPU
		{A8D83E8B-A5D8-4B74-AF98-46C1B458CAD2}.Release|Any CPU.Build.0 = Release|Any CPU
		{883884B1-0791-4C9F-B497-543FD7D7C228}.Debug|Any CPU.ActiveCfg = Debug|Any CPU
		{883884B1-0791-4C9F-B497-543FD7D7C228}.Debug|Any CPU.Build.0 = Debug|Any CPU
		{883884B1-0791-4C9F-B497-543FD7D7C228}.Release|Any CPU.ActiveCfg = Release|Any CPU
		{883884B1-0791-4C9F-B497-543FD7D7C228}.Release|Any CPU.Build.0 = Release|Any CPU
		{B95D0A2F-14F5-482A-8640-56B84AB570D3}.Debug|Any CPU.ActiveCfg = Debug|Any CPU
		{B95D0A2F-14F5-482A-8640-56B84AB570D3}.Debug|Any CPU.Build.0 = Debug|Any CPU
		{B95D0A2F-14F5-482A-8640-56B84AB570D3}.Release|Any CPU.ActiveCfg = Release|Any CPU
		{B95D0A2F-14F5-482A-8640-56B84AB570D3}.Release|Any CPU.Build.0 = Release|Any CPU
		{6E55DCAE-9F1F-4438-843C-36A8C436FEE7}.Debug|Any CPU.ActiveCfg = Debug|Any CPU
		{6E55DCAE-9F1F-4438-843C-36A8C436FEE7}.Debug|Any CPU.Build.0 = Debug|Any CPU
		{6E55DCAE-9F1F-4438-843C-36A8C436FEE7}.Release|Any CPU.ActiveCfg = Release|Any CPU
		{6E55DCAE-9F1F-4438-843C-36A8C436FEE7}.Release|Any CPU.Build.0 = Release|Any CPU
		{BA308F68-8A1E-4DCC-99FA-C51AD2D4597E}.Debug|Any CPU.ActiveCfg = Debug|Any CPU
		{BA308F68-8A1E-4DCC-99FA-C51AD2D4597E}.Debug|Any CPU.Build.0 = Debug|Any CPU
		{BA308F68-8A1E-4DCC-99FA-C51AD2D4597E}.Release|Any CPU.ActiveCfg = Release|Any CPU
		{BA308F68-8A1E-4DCC-99FA-C51AD2D4597E}.Release|Any CPU.Build.0 = Release|Any CPU
		{506BDF75-47A9-40C0-8EA0-5E4B7380A713}.Debug|Any CPU.ActiveCfg = Debug|Any CPU
		{506BDF75-47A9-40C0-8EA0-5E4B7380A713}.Debug|Any CPU.Build.0 = Debug|Any CPU
		{506BDF75-47A9-40C0-8EA0-5E4B7380A713}.Release|Any CPU.ActiveCfg = Release|Any CPU
		{506BDF75-47A9-40C0-8EA0-5E4B7380A713}.Release|Any CPU.Build.0 = Release|Any CPU
		{6BE2D97E-0F91-4784-B58C-92F9DD4AF219}.Debug|Any CPU.ActiveCfg = Debug|Any CPU
		{6BE2D97E-0F91-4784-B58C-92F9DD4AF219}.Debug|Any CPU.Build.0 = Debug|Any CPU
		{6BE2D97E-0F91-4784-B58C-92F9DD4AF219}.Release|Any CPU.ActiveCfg = Release|Any CPU
		{6BE2D97E-0F91-4784-B58C-92F9DD4AF219}.Release|Any CPU.Build.0 = Release|Any CPU
		{29E25958-AAB4-4CCC-B436-E16DA6D9DC4B}.Debug|Any CPU.ActiveCfg = Debug|Any CPU
		{29E25958-AAB4-4CCC-B436-E16DA6D9DC4B}.Debug|Any CPU.Build.0 = Debug|Any CPU
		{29E25958-AAB4-4CCC-B436-E16DA6D9DC4B}.Release|Any CPU.ActiveCfg = Release|Any CPU
		{29E25958-AAB4-4CCC-B436-E16DA6D9DC4B}.Release|Any CPU.Build.0 = Release|Any CPU
		{62564A5C-D9D5-4FD9-A3A7-73CDC88E6B49}.Debug|Any CPU.ActiveCfg = Debug|Any CPU
		{62564A5C-D9D5-4FD9-A3A7-73CDC88E6B49}.Debug|Any CPU.Build.0 = Debug|Any CPU
		{62564A5C-D9D5-4FD9-A3A7-73CDC88E6B49}.Release|Any CPU.ActiveCfg = Release|Any CPU
		{62564A5C-D9D5-4FD9-A3A7-73CDC88E6B49}.Release|Any CPU.Build.0 = Release|Any CPU
	EndGlobalSection
	GlobalSection(SolutionProperties) = preSolution
		HideSolutionNode = FALSE
	EndGlobalSection
	GlobalSection(ExtensibilityGlobals) = postSolution
		SolutionGuid = {D15F71B6-C1E2-4512-A5CA-C5E2D0196A43}
	EndGlobalSection
EndGlobal
